// !$*UTF8*$!
{
	archiveVersion = 1;
	classes = {
	};
	objectVersion = 50;
	objects = {

/* Begin PBXBuildFile section */
		8B70FDE822023307009128B5 /* AppDelegate.swift in Sources */ = {isa = PBXBuildFile; fileRef = 8B70FDE722023307009128B5 /* AppDelegate.swift */; };
		8B70FDEA22023307009128B5 /* WelcomeVC.swift in Sources */ = {isa = PBXBuildFile; fileRef = 8B70FDE922023307009128B5 /* WelcomeVC.swift */; };
		8B70FDED22023307009128B5 /* Main.storyboard in Resources */ = {isa = PBXBuildFile; fileRef = 8B70FDEB22023307009128B5 /* Main.storyboard */; };
		8B70FDEF22023309009128B5 /* Assets.xcassets in Resources */ = {isa = PBXBuildFile; fileRef = 8B70FDEE22023309009128B5 /* Assets.xcassets */; };
		8B70FDF222023309009128B5 /* LaunchScreen.storyboard in Resources */ = {isa = PBXBuildFile; fileRef = 8B70FDF022023309009128B5 /* LaunchScreen.storyboard */; };
		8B70FDFB220245D1009128B5 /* BorderButton.swift in Sources */ = {isa = PBXBuildFile; fileRef = 8B70FDFA220245D1009128B5 /* BorderButton.swift */; };
		8B84BF2D2225D6BE00034FF0 /* SkillVC.swift in Sources */ = {isa = PBXBuildFile; fileRef = 8B84BF2C2225D6BE00034FF0 /* SkillVC.swift */; };
		8B84BF2F2225D6F400034FF0 /* LeagueVC.swift in Sources */ = {isa = PBXBuildFile; fileRef = 8B84BF2E2225D6F400034FF0 /* LeagueVC.swift */; };
		8B84BF312227232900034FF0 /* Player.swift in Sources */ = {isa = PBXBuildFile; fileRef = 8B84BF302227232900034FF0 /* Player.swift */; };
/* End PBXBuildFile section */

/* Begin PBXFileReference section */
		8B70FDE422023307009128B5 /* Swoosh.app */ = {isa = PBXFileReference; explicitFileType = wrapper.application; includeInIndex = 0; path = Swoosh.app; sourceTree = BUILT_PRODUCTS_DIR; };
		8B70FDE722023307009128B5 /* AppDelegate.swift */ = {isa = PBXFileReference; lastKnownFileType = sourcecode.swift; path = AppDelegate.swift; sourceTree = "<group>"; };
		8B70FDE922023307009128B5 /* WelcomeVC.swift */ = {isa = PBXFileReference; lastKnownFileType = sourcecode.swift; path = WelcomeVC.swift; sourceTree = "<group>"; };
		8B70FDEC22023307009128B5 /* Base */ = {isa = PBXFileReference; lastKnownFileType = file.storyboard; name = Base; path = Base.lproj/Main.storyboard; sourceTree = "<group>"; };
		8B70FDEE22023309009128B5 /* Assets.xcassets */ = {isa = PBXFileReference; lastKnownFileType = folder.assetcatalog; path = Assets.xcassets; sourceTree = "<group>"; };
		8B70FDF122023309009128B5 /* Base */ = {isa = PBXFileReference; lastKnownFileType = file.storyboard; name = Base; path = Base.lproj/LaunchScreen.storyboard; sourceTree = "<group>"; };
		8B70FDF322023309009128B5 /* Info.plist */ = {isa = PBXFileReference; lastKnownFileType = text.plist.xml; path = Info.plist; sourceTree = "<group>"; };
		8B70FDFA220245D1009128B5 /* BorderButton.swift */ = {isa = PBXFileReference; lastKnownFileType = sourcecode.swift; path = BorderButton.swift; sourceTree = "<group>"; };
		8B84BF2C2225D6BE00034FF0 /* SkillVC.swift */ = {isa = PBXFileReference; lastKnownFileType = sourcecode.swift; path = SkillVC.swift; sourceTree = "<group>"; };
		8B84BF2E2225D6F400034FF0 /* LeagueVC.swift */ = {isa = PBXFileReference; lastKnownFileType = sourcecode.swift; path = LeagueVC.swift; sourceTree = "<group>"; };
		8B84BF302227232900034FF0 /* Player.swift */ = {isa = PBXFileReference; lastKnownFileType = sourcecode.swift; path = Player.swift; sourceTree = "<group>"; };
/* End PBXFileReference section */

/* Begin PBXFrameworksBuildPhase section */
		8B70FDE122023307009128B5 /* Frameworks */ = {
			isa = PBXFrameworksBuildPhase;
			buildActionMask = 2147483647;
			files = (
			);
			runOnlyForDeploymentPostprocessing = 0;
		};
/* End PBXFrameworksBuildPhase section */

/* Begin PBXGroup section */
		8B70FDDB22023307009128B5 = {
			isa = PBXGroup;
			children = (
				8B70FDE622023307009128B5 /* Swoosh */,
				8B70FDE522023307009128B5 /* Products */,
			);
			sourceTree = "<group>";
		};
		8B70FDE522023307009128B5 /* Products */ = {
			isa = PBXGroup;
			children = (
				8B70FDE422023307009128B5 /* Swoosh.app */,
			);
			name = Products;
			sourceTree = "<group>";
		};
		8B70FDE622023307009128B5 /* Swoosh */ = {
			isa = PBXGroup;
			children = (
				8B84BF292225D2E300034FF0 /* Model */,
				8B84BF282225D2C300034FF0 /* Controller */,
				8B70FDF92202457A009128B5 /* Views */,
				8B70FDE722023307009128B5 /* AppDelegate.swift */,
				8B70FDEB22023307009128B5 /* Main.storyboard */,
				8B70FDEE22023309009128B5 /* Assets.xcassets */,
				8B70FDF022023309009128B5 /* LaunchScreen.storyboard */,
				8B70FDF322023309009128B5 /* Info.plist */,
			);
			path = Swoosh;
			sourceTree = "<group>";
		};
		8B70FDF92202457A009128B5 /* Views */ = {
			isa = PBXGroup;
			children = (
				8B70FDFA220245D1009128B5 /* BorderButton.swift */,
			);
			path = Views;
			sourceTree = "<group>";
		};
		8B84BF282225D2C300034FF0 /* Controller */ = {
			isa = PBXGroup;
			children = (
				8B70FDE922023307009128B5 /* WelcomeVC.swift */,
				8B84BF2E2225D6F400034FF0 /* LeagueVC.swift */,
				8B84BF2C2225D6BE00034FF0 /* SkillVC.swift */,
			);
			path = Controller;
			sourceTree = "<group>";
		};
		8B84BF292225D2E300034FF0 /* Model */ = {
			isa = PBXGroup;
			children = (
				8B84BF302227232900034FF0 /* Player.swift */,
			);
			path = Model;
			sourceTree = "<group>";
		};
/* End PBXGroup section */

/* Begin PBXNativeTarget section */
		8B70FDE322023307009128B5 /* Swoosh */ = {
			isa = PBXNativeTarget;
			buildConfigurationList = 8B70FDF622023309009128B5 /* Build configuration list for PBXNativeTarget "Swoosh" */;
			buildPhases = (
				8B70FDE022023307009128B5 /* Sources */,
				8B70FDE122023307009128B5 /* Frameworks */,
				8B70FDE222023307009128B5 /* Resources */,
			);
			buildRules = (
			);
			dependencies = (
			);
			name = Swoosh;
			productName = Swoosh;
			productReference = 8B70FDE422023307009128B5 /* Swoosh.app */;
			productType = "com.apple.product-type.application";
		};
/* End PBXNativeTarget section */

/* Begin PBXProject section */
		8B70FDDC22023307009128B5 /* Project object */ = {
			isa = PBXProject;
			attributes = {
				LastSwiftUpdateCheck = 1010;
				LastUpgradeCheck = 1010;
				ORGANIZATIONNAME = Archailect;
				TargetAttributes = {
					8B70FDE322023307009128B5 = {
						CreatedOnToolsVersion = 10.1;
					};
				};
			};
			buildConfigurationList = 8B70FDDF22023307009128B5 /* Build configuration list for PBXProject "Swoosh" */;
			compatibilityVersion = "Xcode 9.3";
			developmentRegion = en;
			hasScannedForEncodings = 0;
			knownRegions = (
				en,
				Base,
			);
			mainGroup = 8B70FDDB22023307009128B5;
			productRefGroup = 8B70FDE522023307009128B5 /* Products */;
			projectDirPath = "";
			projectRoot = "";
			targets = (
				8B70FDE322023307009128B5 /* Swoosh */,
			);
		};
/* End PBXProject section */

/* Begin PBXResourcesBuildPhase section */
		8B70FDE222023307009128B5 /* Resources */ = {
			isa = PBXResourcesBuildPhase;
			buildActionMask = 2147483647;
			files = (
				8B70FDF222023309009128B5 /* LaunchScreen.storyboard in Resources */,
				8B70FDEF22023309009128B5 /* Assets.xcassets in Resources */,
				8B70FDED22023307009128B5 /* Main.storyboard in Resources */,
			);
			runOnlyForDeploymentPostprocessing = 0;
		};
/* End PBXResourcesBuildPhase section */

/* Begin PBXSourcesBuildPhase section */
		8B70FDE022023307009128B5 /* Sources */ = {
			isa = PBXSourcesBuildPhase;
			buildActionMask = 2147483647;
			files = (
				8B84BF2F2225D6F400034FF0 /* LeagueVC.swift in Sources */,
				8B84BF2D2225D6BE00034FF0 /* SkillVC.swift in Sources */,
				8B70FDEA22023307009128B5 /* WelcomeVC.swift in Sources */,
				8B70FDE822023307009128B5 /* AppDelegate.swift in Sources */,
				8B84BF312227232900034FF0 /* Player.swift in Sources */,
				8B70FDFB220245D1009128B5 /* BorderButton.swift in Sources */,
			);
			runOnlyForDeploymentPostprocessing = 0;
		};
/* End PBXSourcesBuildPhase section */

/* Begin PBXVariantGroup section */
		8B70FDEB22023307009128B5 /* Main.storyboard */ = {
			isa = PBXVariantGroup;
			children = (
				8B70FDEC22023307009128B5 /* Base */,
			);
			name = Main.storyboard;
			sourceTree = "<group>";
		};
		8B70FDF022023309009128B5 /* LaunchScreen.storyboard */ = {
			isa = PBXVariantGroup;
			children = (
				8B70FDF122023309009128B5 /* Base */,
			);
			name = LaunchScreen.storyboard;
			sourceTree = "<group>";
		};
/* End PBXVariantGroup section */

/* Begin XCBuildConfiguration section */
		8B70FDF422023309009128B5 /* Debug */ = {
			isa = XCBuildConfiguration;
			buildSettings = {
				ALWAYS_SEARCH_USER_PATHS = NO;
				CLANG_ANALYZER_NONNULL = YES;
				CLANG_ANALYZER_NUMBER_OBJECT_CONVERSION = YES_AGGRESSIVE;
				CLANG_CXX_LANGUAGE_STANDARD = "gnu++14";
				CLANG_CXX_LIBRARY = "libc++";
				CLANG_ENABLE_MODULES = YES;
				CLANG_ENABLE_OBJC_ARC = YES;
				CLANG_ENABLE_OBJC_WEAK = YES;
				CLANG_WARN_BLOCK_CAPTURE_AUTORELEASING = YES;
				CLANG_WARN_BOOL_CONVERSION = YES;
				CLANG_WARN_COMMA = YES;
				CLANG_WARN_CONSTANT_CONVERSION = YES;
				CLANG_WARN_DEPRECATED_OBJC_IMPLEMENTATIONS = YES;
				CLANG_WARN_DIRECT_OBJC_ISA_USAGE = YES_ERROR;
				CLANG_WARN_DOCUMENTATION_COMMENTS = YES;
				CLANG_WARN_EMPTY_BODY = YES;
				CLANG_WARN_ENUM_CONVERSION = YES;
				CLANG_WARN_INFINITE_RECURSION = YES;
				CLANG_WARN_INT_CONVERSION = YES;
				CLANG_WARN_NON_LITERAL_NULL_CONVERSION = YES;
				CLANG_WARN_OBJC_IMPLICIT_RETAIN_SELF = YES;
				CLANG_WARN_OBJC_LITERAL_CONVERSION = YES;
				CLANG_WARN_OBJC_ROOT_CLASS = YES_ERROR;
				CLANG_WARN_RANGE_LOOP_ANALYSIS = YES;
				CLANG_WARN_STRICT_PROTOTYPES = YES;
				CLANG_WARN_SUSPICIOUS_MOVE = YES;
				CLANG_WARN_UNGUARDED_AVAILABILITY = YES_AGGRESSIVE;
				CLANG_WARN_UNREACHABLE_CODE = YES;
				CLANG_WARN__DUPLICATE_METHOD_MATCH = YES;
				CODE_SIGN_IDENTITY = "iPhone Developer";
				COPY_PHASE_STRIP = NO;
				DEBUG_INFORMATION_FORMAT = dwarf;
				ENABLE_STRICT_OBJC_MSGSEND = YES;
				ENABLE_TESTABILITY = YES;
				GCC_C_LANGUAGE_STANDARD = gnu11;
				GCC_DYNAMIC_NO_PIC = NO;
				GCC_NO_COMMON_BLOCKS = YES;
				GCC_OPTIMIZATION_LEVEL = 0;
				GCC_PREPROCESSOR_DEFINITIONS = (
					"DEBUG=1",
					"$(inherited)",
				);
				GCC_WARN_64_TO_32_BIT_CONVERSION = YES;
				GCC_WARN_ABOUT_RETURN_TYPE = YES_ERROR;
				GCC_WARN_UNDECLARED_SELECTOR = YES;
				GCC_WARN_UNINITIALIZED_AUTOS = YES_AGGRESSIVE;
				GCC_WARN_UNUSED_FUNCTION = YES;
				GCC_WARN_UNUSED_VARIABLE = YES;
				IPHONEOS_DEPLOYMENT_TARGET = 12.1;
				MTL_ENABLE_DEBUG_INFO = INCLUDE_SOURCE;
				MTL_FAST_MATH = YES;
				ONLY_ACTIVE_ARCH = YES;
				SDKROOT = iphoneos;
				SWIFT_ACTIVE_COMPILATION_CONDITIONS = DEBUG;
				SWIFT_OPTIMIZATION_LEVEL = "-Onone";
			};
			name = Debug;
		};
		8B70FDF522023309009128B5 /* Release */ = {
			isa = XCBuildConfiguration;
			buildSettings = {
				ALWAYS_SEARCH_USER_PATHS = NO;
				CLANG_ANALYZER_NONNULL = YES;
				CLANG_ANALYZER_NUMBER_OBJECT_CONVERSION = YES_AGGRESSIVE;
				CLANG_CXX_LANGUAGE_STANDARD = "gnu++14";
				CLANG_CXX_LIBRARY = "libc++";
				CLANG_ENABLE_MODULES = YES;
				CLANG_ENABLE_OBJC_ARC = YES;
				CLANG_ENABLE_OBJC_WEAK = YES;
				CLANG_WARN_BLOCK_CAPTURE_AUTORELEASING = YES;
				CLANG_WARN_BOOL_CONVERSION = YES;
				CLANG_WARN_COMMA = YES;
				CLANG_WARN_CONSTANT_CONVERSION = YES;
				CLANG_WARN_DEPRECATED_OBJC_IMPLEMENTATIONS = YES;
				CLANG_WARN_DIRECT_OBJC_ISA_USAGE = YES_ERROR;
				CLANG_WARN_DOCUMENTATION_COMMENTS = YES;
				CLANG_WARN_EMPTY_BODY = YES;
				CLANG_WARN_ENUM_CONVERSION = YES;
				CLANG_WARN_INFINITE_RECURSION = YES;
				CLANG_WARN_INT_CONVERSION = YES;
				CLANG_WARN_NON_LITERAL_NULL_CONVERSION = YES;
				CLANG_WARN_OBJC_IMPLICIT_RETAIN_SELF = YES;
				CLANG_WARN_OBJC_LITERAL_CONVERSION = YES;
				CLANG_WARN_OBJC_ROOT_CLASS = YES_ERROR;
				CLANG_WARN_RANGE_LOOP_ANALYSIS = YES;
				CLANG_WARN_STRICT_PROTOTYPES = YES;
				CLANG_WARN_SUSPICIOUS_MOVE = YES;
				CLANG_WARN_UNGUARDED_AVAILABILITY = YES_AGGRESSIVE;
				CLANG_WARN_UNREACHABLE_CODE = YES;
				CLANG_WARN__DUPLICATE_METHOD_MATCH = YES;
				CODE_SIGN_IDENTITY = "iPhone Developer";
				COPY_PHASE_STRIP = NO;
				DEBUG_INFORMATION_FORMAT = "dwarf-with-dsym";
				ENABLE_NS_ASSERTIONS = NO;
				ENABLE_STRICT_OBJC_MSGSEND = YES;
				GCC_C_LANGUAGE_STANDARD = gnu11;
				GCC_NO_COMMON_BLOCKS = YES;
				GCC_WARN_64_TO_32_BIT_CONVERSION = YES;
				GCC_WARN_ABOUT_RETURN_TYPE = YES_ERROR;
				GCC_WARN_UNDECLARED_SELECTOR = YES;
				GCC_WARN_UNINITIALIZED_AUTOS = YES_AGGRESSIVE;
				GCC_WARN_UNUSED_FUNCTION = YES;
				GCC_WARN_UNUSED_VARIABLE = YES;
				IPHONEOS_DEPLOYMENT_TARGET = 12.1;
				MTL_ENABLE_DEBUG_INFO = NO;
				MTL_FAST_MATH = YES;
				SDKROOT = iphoneos;
				SWIFT_COMPILATION_MODE = wholemodule;
				SWIFT_OPTIMIZATION_LEVEL = "-O";
				VALIDATE_PRODUCT = YES;
			};
			name = Release;
		};
		8B70FDF722023309009128B5 /* Debug */ = {
			isa = XCBuildConfiguration;
			buildSettings = {
				ASSETCATALOG_COMPILER_APPICON_NAME = AppIcon;
				CODE_SIGN_STYLE = Automatic;
				DEVELOPMENT_TEAM = 36GWFK8SFP;
				INFOPLIST_FILE = Swoosh/Info.plist;
				LD_RUNPATH_SEARCH_PATHS = (
					"$(inherited)",
					"@executable_path/Frameworks",
				);
				PRODUCT_BUNDLE_IDENTIFIER = Arc.Swoosh;
				PRODUCT_NAME = "$(TARGET_NAME)";
				SWIFT_VERSION = 4.2;
				TARGETED_DEVICE_FAMILY = "1,2";
			};
			name = Debug;
		};
		8B70FDF822023309009128B5 /* Release */ = {
			isa = XCBuildConfiguration;
			buildSettings = {
				ASSETCATALOG_COMPILER_APPICON_NAME = AppIcon;
				CODE_SIGN_STYLE = Automatic;
				DEVELOPMENT_TEAM = 36GWFK8SFP;
				INFOPLIST_FILE = Swoosh/Info.plist;
				LD_RUNPATH_SEARCH_PATHS = (
					"$(inherited)",
					"@executable_path/Frameworks",
				);
				PRODUCT_BUNDLE_IDENTIFIER = Arc.Swoosh;
				PRODUCT_NAME = "$(TARGET_NAME)";
				SWIFT_VERSION = 4.2;
				TARGETED_DEVICE_FAMILY = "1,2";
			};
			name = Release;
		};
/* End XCBuildConfiguration section */

/* Begin XCConfigurationList section */
		8B70FDDF22023307009128B5 /* Build configuration list for PBXProject "Swoosh" */ = {
			isa = XCConfigurationList;
			buildConfigurations = (
				8B70FDF422023309009128B5 /* Debug */,
				8B70FDF522023309009128B5 /* Release */,
			);
			defaultConfigurationIsVisible = 0;
			defaultConfigurationName = Release;
		};
		8B70FDF622023309009128B5 /* Build configuration list for PBXNativeTarget "Swoosh" */ = {
			isa = XCConfigurationList;
			buildConfigurations = (
				8B70FDF722023309009128B5 /* Debug */,
				8B70FDF822023309009128B5 /* Release */,
			);
			defaultConfigurationIsVisible = 0;
			defaultConfigurationName = Release;
		};
/* End XCConfigurationList section */
	};
	rootObject = 8B70FDDC22023307009128B5 /* Project object */;
}
